
Microsoft Visual Studio Solution File, Format Version 12.00
# Visual Studio Version 17
VisualStudioVersion = 17.5.33516.290
MinimumVisualStudioVersion = 10.0.40219.1
Project("{9A19103F-16F7-4668-BE54-9A1E7A4F7556}") = "IMS.WebApp", "IMS.WebApp\IMS.WebApp.csproj", "{FFB8C852-2765-4ECB-8A0B-FA8398CF9832}"
EndProject
Project("{2150E333-8FDC-42A3-9474-1A3956D46DE8}") = "IMS.Plugins", "IMS.Plugins", "{F102280B-951B-4A5B-9CAF-76FFEE050687}"
EndProject
Project("{9A19103F-16F7-4668-BE54-9A1E7A4F7556}") = "IMS.Plugins.InMemory", "IMS.Plugins\IMS.Plugins.InMemory\IMS.Plugins.InMemory.csproj", "{36B8333B-849A-41D6-95DF-D96851B0FDB9}"
EndProject
Project("{9A19103F-16F7-4668-BE54-9A1E7A4F7556}") = "IMS.Data", "IMS.Data\IMS.Data.csproj", "{82418EB6-37DB-416E-80F9-4AA21DBD6974}"
EndProject
Project("{9A19103F-16F7-4668-BE54-9A1E7A4F7556}") = "IMS.Service", "IMS.Service\IMS.Service.csproj", "{F2848326-370E-4A7B-8AEF-F01B610B85A1}"
EndProject
Global
	GlobalSection(SolutionConfigurationPlatforms) = preSolution
		Debug|Any CPU = Debug|Any CPU
		Release|Any CPU = Release|Any CPU
	EndGlobalSection
	GlobalSection(ProjectConfigurationPlatforms) = postSolution
		{FFB8C852-2765-4ECB-8A0B-FA8398CF9832}.Debug|Any CPU.ActiveCfg = Debug|Any CPU
		{FFB8C852-2765-4ECB-8A0B-FA8398CF9832}.Debug|Any CPU.Build.0 = Debug|Any CPU
		{FFB8C852-2765-4ECB-8A0B-FA8398CF9832}.Release|Any CPU.ActiveCfg = Release|Any CPU
		{FFB8C852-2765-4ECB-8A0B-FA8398CF9832}.Release|Any CPU.Build.0 = Release|Any CPU
		{36B8333B-849A-41D6-95DF-D96851B0FDB9}.Debug|Any CPU.ActiveCfg = Debug|Any CPU
		{36B8333B-849A-41D6-95DF-D96851B0FDB9}.Debug|Any CPU.Build.0 = Debug|Any CPU
		{36B8333B-849A-41D6-95DF-D96851B0FDB9}.Release|Any CPU.ActiveCfg = Release|Any CPU
		{36B8333B-849A-41D6-95DF-D96851B0FDB9}.Release|Any CPU.Build.0 = Release|Any CPU
		{82418EB6-37DB-416E-80F9-4AA21DBD6974}.Debug|Any CPU.ActiveCfg = Debug|Any CPU
		{82418EB6-37DB-416E-80F9-4AA21DBD6974}.Debug|Any CPU.Build.0 = Debug|Any CPU
		{82418EB6-37DB-416E-80F9-4AA21DBD6974}.Release|Any CPU.ActiveCfg = Release|Any CPU
		{82418EB6-37DB-416E-80F9-4AA21DBD6974}.Release|Any CPU.Build.0 = Release|Any CPU
		{F2848326-370E-4A7B-8AEF-F01B610B85A1}.Debug|Any CPU.ActiveCfg = Debug|Any CPU
		{F2848326-370E-4A7B-8AEF-F01B610B85A1}.Debug|Any CPU.Build.0 = Debug|Any CPU
		{F2848326-370E-4A7B-8AEF-F01B610B85A1}.Release|Any CPU.ActiveCfg = Release|Any CPU
		{F2848326-370E-4A7B-8AEF-F01B610B85A1}.Release|Any CPU.Build.0 = Release|Any CPU
	EndGlobalSection
	GlobalSection(SolutionProperties) = preSolution
		HideSolutionNode = FALSE
	EndGlobalSection
	GlobalSection(NestedProjects) = preSolution
		{36B8333B-849A-41D6-95DF-D96851B0FDB9} = {F102280B-951B-4A5B-9CAF-76FFEE050687}
	EndGlobalSection
	GlobalSection(ExtensibilityGlobals) = postSolution
		SolutionGuid = {D5852829-FE47-43BD-9F86-178BF78F4125}
	EndGlobalSection
EndGlobal
