
Microsoft Visual Studio Solution File, Format Version 12.00
# Visual Studio Version 17
VisualStudioVersion = 17.7.34024.191
MinimumVisualStudioVersion = 10.0.40219.1
Project("{FAE04EC0-301F-11D3-BF4B-00C04F79EFBC}") = "PackIT.API", "PackIT.API\PackIT.API.csproj", "{390E72F7-EC26-4617-8D46-BB955D168B04}"
EndProject
Project("{FAE04EC0-301F-11D3-BF4B-00C04F79EFBC}") = "PackIT.Application", "PackIT.Application\PackIT.Application.csproj", "{C11A7433-C419-4BBA-A045-D053F6865E8F}"
EndProject
Project("{FAE04EC0-301F-11D3-BF4B-00C04F79EFBC}") = "PackIT.Domain", "PackIT.Domain\PackIT.Domain.csproj", "{011E12CD-E732-45EF-B053-CD706C0D46C7}"
EndProject
Project("{FAE04EC0-301F-11D3-BF4B-00C04F79EFBC}") = "PackIT.Infrastructure", "PackIT.Infrastructure\PackIT.Infrastructure.csproj", "{1C61989D-4E23-4D97-9FBB-424055A161F4}"
EndProject
Project("{2150E333-8FDC-42A3-9474-1A3956D46DE8}") = "Shared", "Shared", "{82DE40FE-76EC-4CE2-A867-D600070510BC}"
EndProject
Project("{FAE04EC0-301F-11D3-BF4B-00C04F79EFBC}") = "PackIT.Shared", "PackIT.Shared\PackIT.Shared.csproj", "{54326C32-C4A8-4909-9335-9F229FDBE8C5}"
EndProject
Project("{FAE04EC0-301F-11D3-BF4B-00C04F79EFBC}") = "PackIT.Shared.Abstraction", "PackIT.Shared.Abstraction\PackIT.Shared.Abstraction.csproj", "{631B705F-0257-4AB0-9912-3268B8B069E1}"
EndProject
Global
	GlobalSection(SolutionConfigurationPlatforms) = preSolution
		Debug|Any CPU = Debug|Any CPU
		Release|Any CPU = Release|Any CPU
	EndGlobalSection
	GlobalSection(ProjectConfigurationPlatforms) = postSolution
		{390E72F7-EC26-4617-8D46-BB955D168B04}.Debug|Any CPU.ActiveCfg = Debug|Any CPU
		{390E72F7-EC26-4617-8D46-BB955D168B04}.Debug|Any CPU.Build.0 = Debug|Any CPU
		{390E72F7-EC26-4617-8D46-BB955D168B04}.Release|Any CPU.ActiveCfg = Release|Any CPU
		{390E72F7-EC26-4617-8D46-BB955D168B04}.Release|Any CPU.Build.0 = Release|Any CPU
		{C11A7433-C419-4BBA-A045-D053F6865E8F}.Debug|Any CPU.ActiveCfg = Debug|Any CPU
		{C11A7433-C419-4BBA-A045-D053F6865E8F}.Debug|Any CPU.Build.0 = Debug|Any CPU
		{C11A7433-C419-4BBA-A045-D053F6865E8F}.Release|Any CPU.ActiveCfg = Release|Any CPU
		{C11A7433-C419-4BBA-A045-D053F6865E8F}.Release|Any CPU.Build.0 = Release|Any CPU
		{011E12CD-E732-45EF-B053-CD706C0D46C7}.Debug|Any CPU.ActiveCfg = Debug|Any CPU
		{011E12CD-E732-45EF-B053-CD706C0D46C7}.Debug|Any CPU.Build.0 = Debug|Any CPU
		{011E12CD-E732-45EF-B053-CD706C0D46C7}.Release|Any CPU.ActiveCfg = Release|Any CPU
		{011E12CD-E732-45EF-B053-CD706C0D46C7}.Release|Any CPU.Build.0 = Release|Any CPU
		{1C61989D-4E23-4D97-9FBB-424055A161F4}.Debug|Any CPU.ActiveCfg = Debug|Any CPU
		{1C61989D-4E23-4D97-9FBB-424055A161F4}.Debug|Any CPU.Build.0 = Debug|Any CPU
		{1C61989D-4E23-4D97-9FBB-424055A161F4}.Release|Any CPU.ActiveCfg = Release|Any CPU
		{1C61989D-4E23-4D97-9FBB-424055A161F4}.Release|Any CPU.Build.0 = Release|Any CPU
		{54326C32-C4A8-4909-9335-9F229FDBE8C5}.Debug|Any CPU.ActiveCfg = Debug|Any CPU
		{54326C32-C4A8-4909-9335-9F229FDBE8C5}.Debug|Any CPU.Build.0 = Debug|Any CPU
		{54326C32-C4A8-4909-9335-9F229FDBE8C5}.Release|Any CPU.ActiveCfg = Release|Any CPU
		{54326C32-C4A8-4909-9335-9F229FDBE8C5}.Release|Any CPU.Build.0 = Release|Any CPU
		{631B705F-0257-4AB0-9912-3268B8B069E1}.Debug|Any CPU.ActiveCfg = Debug|Any CPU
		{631B705F-0257-4AB0-9912-3268B8B069E1}.Debug|Any CPU.Build.0 = Debug|Any CPU
		{631B705F-0257-4AB0-9912-3268B8B069E1}.Release|Any CPU.ActiveCfg = Release|Any CPU
		{631B705F-0257-4AB0-9912-3268B8B069E1}.Release|Any CPU.Build.0 = Release|Any CPU
	EndGlobalSection
	GlobalSection(SolutionProperties) = preSolution
		HideSolutionNode = FALSE
	EndGlobalSection
	GlobalSection(NestedProjects) = preSolution
		{54326C32-C4A8-4909-9335-9F229FDBE8C5} = {82DE40FE-76EC-4CE2-A867-D600070510BC}
		{631B705F-0257-4AB0-9912-3268B8B069E1} = {82DE40FE-76EC-4CE2-A867-D600070510BC}
	EndGlobalSection
	GlobalSection(ExtensibilityGlobals) = postSolution
		SolutionGuid = {93504278-3043-4BC5-AF08-DF06374C9B36}
	EndGlobalSection
EndGlobal
