
Microsoft Visual Studio Solution File, Format Version 12.00
# Visual Studio Version 17
VisualStudioVersion = 17.7.34024.191
MinimumVisualStudioVersion = 10.0.40219.1
Project("{9A19103F-16F7-4668-BE54-9A1E7A4F7556}") = "LeaveManagement.API", "LeaveManagement.API\LeaveManagement.API.csproj", "{21CECAEF-0947-42FC-9440-3D4A78686752}"
EndProject
Project("{9A19103F-16F7-4668-BE54-9A1E7A4F7556}") = "LeaveManagement.Domain", "LeaveManagement.Domain\LeaveManagement.Domain.csproj", "{45BF6D43-0EBE-4316-A06A-7DBE407EBC11}"
EndProject
Project("{9A19103F-16F7-4668-BE54-9A1E7A4F7556}") = "LeaveManagement.Application", "LeaveManagement.Application\LeaveManagement.Application.csproj", "{782A13DB-50D6-4746-83B2-BF1CA7823FA1}"
EndProject
Project("{9A19103F-16F7-4668-BE54-9A1E7A4F7556}") = "LeaveManagement.Repository", "LeaveManagement.Repository\LeaveManagement.Repository.csproj", "{1CC6189D-9030-4E9A-9BE2-0F641AADA9B8}"
EndProject
Project("{9A19103F-16F7-4668-BE54-9A1E7A4F7556}") = "LeaveManagement.UI", "LeaveManagement.UI\LeaveManagement.UI.csproj", "{28C42C1E-D086-44BE-B190-62AF7B45FCD5}"
EndProject
Global
	GlobalSection(SolutionConfigurationPlatforms) = preSolution
		Debug|Any CPU = Debug|Any CPU
		Release|Any CPU = Release|Any CPU
	EndGlobalSection
	GlobalSection(ProjectConfigurationPlatforms) = postSolution
		{21CECAEF-0947-42FC-9440-3D4A78686752}.Debug|Any CPU.ActiveCfg = Debug|Any CPU
		{21CECAEF-0947-42FC-9440-3D4A78686752}.Debug|Any CPU.Build.0 = Debug|Any CPU
		{21CECAEF-0947-42FC-9440-3D4A78686752}.Release|Any CPU.ActiveCfg = Release|Any CPU
		{21CECAEF-0947-42FC-9440-3D4A78686752}.Release|Any CPU.Build.0 = Release|Any CPU
		{45BF6D43-0EBE-4316-A06A-7DBE407EBC11}.Debug|Any CPU.ActiveCfg = Debug|Any CPU
		{45BF6D43-0EBE-4316-A06A-7DBE407EBC11}.Debug|Any CPU.Build.0 = Debug|Any CPU
		{45BF6D43-0EBE-4316-A06A-7DBE407EBC11}.Release|Any CPU.ActiveCfg = Release|Any CPU
		{45BF6D43-0EBE-4316-A06A-7DBE407EBC11}.Release|Any CPU.Build.0 = Release|Any CPU
		{782A13DB-50D6-4746-83B2-BF1CA7823FA1}.Debug|Any CPU.ActiveCfg = Debug|Any CPU
		{782A13DB-50D6-4746-83B2-BF1CA7823FA1}.Debug|Any CPU.Build.0 = Debug|Any CPU
		{782A13DB-50D6-4746-83B2-BF1CA7823FA1}.Release|Any CPU.ActiveCfg = Release|Any CPU
		{782A13DB-50D6-4746-83B2-BF1CA7823FA1}.Release|Any CPU.Build.0 = Release|Any CPU
		{1CC6189D-9030-4E9A-9BE2-0F641AADA9B8}.Debug|Any CPU.ActiveCfg = Debug|Any CPU
		{1CC6189D-9030-4E9A-9BE2-0F641AADA9B8}.Debug|Any CPU.Build.0 = Debug|Any CPU
		{1CC6189D-9030-4E9A-9BE2-0F641AADA9B8}.Release|Any CPU.ActiveCfg = Release|Any CPU
		{1CC6189D-9030-4E9A-9BE2-0F641AADA9B8}.Release|Any CPU.Build.0 = Release|Any CPU
		{28C42C1E-D086-44BE-B190-62AF7B45FCD5}.Debug|Any CPU.ActiveCfg = Debug|Any CPU
		{28C42C1E-D086-44BE-B190-62AF7B45FCD5}.Debug|Any CPU.Build.0 = Debug|Any CPU
		{28C42C1E-D086-44BE-B190-62AF7B45FCD5}.Release|Any CPU.ActiveCfg = Release|Any CPU
		{28C42C1E-D086-44BE-B190-62AF7B45FCD5}.Release|Any CPU.Build.0 = Release|Any CPU
	EndGlobalSection
	GlobalSection(SolutionProperties) = preSolution
		HideSolutionNode = FALSE
	EndGlobalSection
	GlobalSection(ExtensibilityGlobals) = postSolution
		SolutionGuid = {75F595FD-7888-4496-8DB8-24DB14866A10}
	EndGlobalSection
EndGlobal
