
Microsoft Visual Studio Solution File, Format Version 12.00
# Visual Studio Version 17
VisualStudioVersion = 17.5.33516.290
MinimumVisualStudioVersion = 10.0.40219.1
Project("{9A19103F-16F7-4668-BE54-9A1E7A4F7556}") = "WiredBrainCoffee.EMS", "WiredBrainCoffee.EMS\WiredBrainCoffee.EMS.csproj", "{20402272-FE4B-429F-B7D7-78A794988597}"
EndProject
Project("{9A19103F-16F7-4668-BE54-9A1E7A4F7556}") = "WiredBrainCoffee.EMS.Model", "WiredBrainCoffee.EMS.Model\WiredBrainCoffee.EMS.Model.csproj", "{D8D653F5-B2BE-4314-976F-3817F2CBE50B}"
EndProject
Project("{9A19103F-16F7-4668-BE54-9A1E7A4F7556}") = "WiredBrainCoffee.EMS.Data", "WiredBrainCoffee.EMS.Data\WiredBrainCoffee.EMS.Data.csproj", "{91F2918B-AEB7-4014-961D-FCAFB947EFAA}"
EndProject
Global
	GlobalSection(SolutionConfigurationPlatforms) = preSolution
		Debug|Any CPU = Debug|Any CPU
		Release|Any CPU = Release|Any CPU
	EndGlobalSection
	GlobalSection(ProjectConfigurationPlatforms) = postSolution
		{20402272-FE4B-429F-B7D7-78A794988597}.Debug|Any CPU.ActiveCfg = Debug|Any CPU
		{20402272-FE4B-429F-B7D7-78A794988597}.Debug|Any CPU.Build.0 = Debug|Any CPU
		{20402272-FE4B-429F-B7D7-78A794988597}.Release|Any CPU.ActiveCfg = Release|Any CPU
		{20402272-FE4B-429F-B7D7-78A794988597}.Release|Any CPU.Build.0 = Release|Any CPU
		{D8D653F5-B2BE-4314-976F-3817F2CBE50B}.Debug|Any CPU.ActiveCfg = Debug|Any CPU
		{D8D653F5-B2BE-4314-976F-3817F2CBE50B}.Debug|Any CPU.Build.0 = Debug|Any CPU
		{D8D653F5-B2BE-4314-976F-3817F2CBE50B}.Release|Any CPU.ActiveCfg = Release|Any CPU
		{D8D653F5-B2BE-4314-976F-3817F2CBE50B}.Release|Any CPU.Build.0 = Release|Any CPU
		{91F2918B-AEB7-4014-961D-FCAFB947EFAA}.Debug|Any CPU.ActiveCfg = Debug|Any CPU
		{91F2918B-AEB7-4014-961D-FCAFB947EFAA}.Debug|Any CPU.Build.0 = Debug|Any CPU
		{91F2918B-AEB7-4014-961D-FCAFB947EFAA}.Release|Any CPU.ActiveCfg = Release|Any CPU
		{91F2918B-AEB7-4014-961D-FCAFB947EFAA}.Release|Any CPU.Build.0 = Release|Any CPU
	EndGlobalSection
	GlobalSection(SolutionProperties) = preSolution
		HideSolutionNode = FALSE
	EndGlobalSection
	GlobalSection(ExtensibilityGlobals) = postSolution
		SolutionGuid = {24F98AE9-509B-484C-8E3C-1B6243FE81DE}
	EndGlobalSection
EndGlobal
